PODS:
  - TencentOpenApiSDK (2.9.5):
    - TencentOpenApiSDK/Basic (= 2.9.5)
  - TencentOpenApiSDK/Basic (2.9.5)
  - XVIEWTencentManager (0.1.5):
    - TencentOpenApiSDK (~> 2.9.5)

DEPENDENCIES:
  - XVIEWTencentManager (from `../`)

SPEC REPOS:
  https://github.com/cocoapods/specs.git:
    - TencentOpenApiSDK

EXTERNAL SOURCES:
  XVIEWTencentManager:
    :path: "../"

SPEC CHECKSUMS:
  TencentOpenApiSDK: a0d7716edd6eb438d65828168e8e5137301b436d
  XVIEWTencentManager: d278ce512a08fceae72e33828bd6f4b442ba9542

PODFILE CHECKSUM: 353e7a641ef696393b29176fdb16518ef986fbd6

COCOAPODS: 1.5.3
